{
    "name": "vircadia-desktop",
    "version": "0.0.0",
    "lockfileVersion": 3,
    "requires": true,
    "packages": {
        "": {
            "name": "vircadia-desktop",
            "version": "0.0.0",
            "dependencies": {
                "@tauri-apps/api": "^1.5.0"
            },
            "devDependencies": {
                "@tauri-apps/cli": "^1.5.0",
                "typescript": "^5.0.2"
            }
        },
        "node_modules/@tauri-apps/api": {
            "version": "1.5.0",
            "resolved": "https://registry.npmjs.org/@tauri-apps/api/-/api-1.5.0.tgz",
            "integrity": "sha512-yQY9wpVNuiYhLLuyDlu1nBpqJELT1fGp7OctN4rW9I2W1T2p7A3tqPxsEzQprEwneQRBAlPM9vC8NsnMbct+pg==",
            "engines": {
                "node": ">= 14.6.0",
                "npm": ">= 6.6.0",
                "yarn": ">= 1.19.1"
            },
            "funding": {
                "type": "opencollective",
                "url": "https://opencollective.com/tauri"
            }
        },
        "node_modules/@tauri-apps/cli": {
            "version": "1.5.2",
            "resolved": "https://registry.npmjs.org/@tauri-apps/cli/-/cli-1.5.2.tgz",
            "integrity": "sha512-x4rPinrdyWLdTU5TbV7wrXudOyMilv0nmi1rngm/jwN3MmZdAj5J2xaS2rYtA8BU3oM/SE34qQwYxv1a2sM9ug==",
            "dev": true,
            "bin": {
                "tauri": "tauri.js"
            },
            "engines": {
                "node": ">= 10"
            },
            "funding": {
                "type": "opencollective",
                "url": "https://opencollective.com/tauri"
            },
            "optionalDependencies": {
                "@tauri-apps/cli-darwin-arm64": "1.5.2",
                "@tauri-apps/cli-darwin-x64": "1.5.2",
                "@tauri-apps/cli-linux-arm-gnueabihf": "1.5.2",
                "@tauri-apps/cli-linux-arm64-gnu": "1.5.2",
                "@tauri-apps/cli-linux-arm64-musl": "1.5.2",
                "@tauri-apps/cli-linux-x64-gnu": "1.5.2",
                "@tauri-apps/cli-linux-x64-musl": "1.5.2",
                "@tauri-apps/cli-win32-arm64-msvc": "1.5.2",
                "@tauri-apps/cli-win32-ia32-msvc": "1.5.2",
                "@tauri-apps/cli-win32-x64-msvc": "1.5.2"
            }
        },
        "node_modules/@tauri-apps/cli-darwin-arm64": {
            "version": "1.5.2",
            "resolved": "https://registry.npmjs.org/@tauri-apps/cli-darwin-arm64/-/cli-darwin-arm64-1.5.2.tgz",
            "integrity": "sha512-3mYN15jpYjuuHRWii5Xk6JvB3ZLEgAZkeVgc5Hg7k3Yw1ZBrEGiUNe3Ku4DjbkYWL/QDd7oteIJnQk3j0mXwEg==",
            "cpu": [
                "arm64"
            ],
            "dev": true,
            "optional": true,
            "os": [
                "darwin"
            ],
            "engines": {
                "node": ">= 10"
            }
        },
        "node_modules/@tauri-apps/cli-darwin-x64": {
            "version": "1.5.2",
            "resolved": "https://registry.npmjs.org/@tauri-apps/cli-darwin-x64/-/cli-darwin-x64-1.5.2.tgz",
            "integrity": "sha512-8Jsl+EKBGdBoRUIR5ohjiTV6uG+pFpkNwHB4WaOzzR//v6p0lGULk2ohPIjJxhoQIFIN9oBd8bsSSNbZO/57/g==",
            "cpu": [
                "x64"
            ],
            "dev": true,
            "optional": true,
            "os": [
                "darwin"
            ],
            "engines": {
                "node": ">= 10"
            }
        },
        "node_modules/@tauri-apps/cli-linux-arm-gnueabihf": {
            "version": "1.5.2",
            "resolved": "https://registry.npmjs.org/@tauri-apps/cli-linux-arm-gnueabihf/-/cli-linux-arm-gnueabihf-1.5.2.tgz",
            "integrity": "sha512-oWzcQtZogchdCSdQ+eEbDJHjJO9BGPO9EZNfvI2u3JzS/hJj4wCwnGHvZGI4jJ/6cnmcNvtt9ZftYYN4rpQW7A==",
            "cpu": [
                "arm"
            ],
            "dev": true,
            "optional": true,
            "os": [
                "linux"
            ],
            "engines": {
                "node": ">= 10"
            }
        },
        "node_modules/@tauri-apps/cli-linux-arm64-gnu": {
            "version": "1.5.2",
            "resolved": "https://registry.npmjs.org/@tauri-apps/cli-linux-arm64-gnu/-/cli-linux-arm64-gnu-1.5.2.tgz",
            "integrity": "sha512-hfIUtys+SrrGEpLhQJwmL16g1FDhfObR4AGahCMqvMwA25uQKhtzRhxieO4X3k03vBeboTyJla5a2rX4TQ4lXA==",
            "cpu": [
                "arm64"
            ],
            "dev": true,
            "optional": true,
            "os": [
                "linux"
            ],
            "engines": {
                "node": ">= 10"
            }
        },
        "node_modules/@tauri-apps/cli-linux-arm64-musl": {
            "version": "1.5.2",
            "resolved": "https://registry.npmjs.org/@tauri-apps/cli-linux-arm64-musl/-/cli-linux-arm64-musl-1.5.2.tgz",
            "integrity": "sha512-ZpFX4HyjkJHfF0geVVpq5fNjEXG8766LRg/BL4/wKy8MNbqcc/aW3sLEpVj0GvdulxOnd2trDb1FJdZ206Kp8g==",
            "cpu": [
                "arm64"
            ],
            "dev": true,
            "optional": true,
            "os": [
                "linux"
            ],
            "engines": {
                "node": ">= 10"
            }
        },
        "node_modules/@tauri-apps/cli-linux-x64-gnu": {
            "version": "1.5.2",
            "resolved": "https://registry.npmjs.org/@tauri-apps/cli-linux-x64-gnu/-/cli-linux-x64-gnu-1.5.2.tgz",
            "integrity": "sha512-/kEZrDVZv1+qYpZigtLntX4s+gx7WQqp8cmxKZL5GrzAjUNSTnfWK5VL7o0lYm09QBJAdTvjcJu2aPzNHLDS+Q==",
            "cpu": [
                "x64"
            ],
            "dev": true,
            "optional": true,
            "os": [
                "linux"
            ],
            "engines": {
                "node": ">= 10"
            }
        },
        "node_modules/@tauri-apps/cli-linux-x64-musl": {
            "version": "1.5.2",
            "resolved": "https://registry.npmjs.org/@tauri-apps/cli-linux-x64-musl/-/cli-linux-x64-musl-1.5.2.tgz",
            "integrity": "sha512-vOrTqfW7NZLYmB1ZXjEq9JC8Z5knIHVGltN3jfyq9UY+tu7d6jNaSHuDdsVHLaKIRQajTHz+5cphDMoL+6/MUQ==",
            "cpu": [
                "x64"
            ],
            "dev": true,
            "optional": true,
            "os": [
                "linux"
            ],
            "engines": {
                "node": ">= 10"
            }
        },
        "node_modules/@tauri-apps/cli-win32-arm64-msvc": {
            "version": "1.5.2",
            "resolved": "https://registry.npmjs.org/@tauri-apps/cli-win32-arm64-msvc/-/cli-win32-arm64-msvc-1.5.2.tgz",
            "integrity": "sha512-PCAIxH8TvIy1PlJK2qrdwpRCa7pZV648whRhmoLwj9lvn9PR4+vwuUWhSTXmp1ISHWZm/mEJpYuVq0ZxJDQKZQ==",
            "cpu": [
                "arm64"
            ],
            "dev": true,
            "optional": true,
            "os": [
                "win32"
            ],
            "engines": {
                "node": ">= 10"
            }
        },
        "node_modules/@tauri-apps/cli-win32-ia32-msvc": {
            "version": "1.5.2",
            "resolved": "https://registry.npmjs.org/@tauri-apps/cli-win32-ia32-msvc/-/cli-win32-ia32-msvc-1.5.2.tgz",
            "integrity": "sha512-0rCXZC/9qyWZI2cgVnsT4JEjcxjQcZlrZjaSwhGynPUMkIUUBsWDimzkQeOP8abw5j/kLS2QPQRHAHqd0IF6Rg==",
            "cpu": [
                "ia32"
            ],
            "dev": true,
            "optional": true,
            "os": [
                "win32"
            ],
            "engines": {
                "node": ">= 10"
            }
        },
        "node_modules/@tauri-apps/cli-win32-x64-msvc": {
            "version": "1.5.2",
            "resolved": "https://registry.npmjs.org/@tauri-apps/cli-win32-x64-msvc/-/cli-win32-x64-msvc-1.5.2.tgz",
            "integrity": "sha512-HrOwIujKTql8yUOvR+IEGW/SXwMwPrGWrcM35cDfCxpkLH6h3F5i4JtRqYTAiFdSfTk1J2rcFVQXfFJYIDntnA==",
            "cpu": [
                "x64"
            ],
            "dev": true,
            "optional": true,
            "os": [
                "win32"
            ],
            "engines": {
                "node": ">= 10"
            }
        },
        "node_modules/typescript": {
            "version": "5.2.2",
            "resolved": "https://registry.npmjs.org/typescript/-/typescript-5.2.2.tgz",
            "integrity": "sha512-mI4WrpHsbCIcwT9cF4FZvr80QUeKvsUsUvKDoR+X/7XHQH98xYD8YHZg7ANtz2GtZt/CBq2QJ0thkGJMHfqc1w==",
            "dev": true,
            "bin": {
                "tsc": "bin/tsc",
                "tsserver": "bin/tsserver"
            },
            "engines": {
                "node": ">=14.17"
            }
        }
    }
}
