{
    "name": "vircadia-desktop",
    "version": "0.0.0",
    "lockfileVersion": 3,
    "requires": true,
    "packages": {
        "": {
            "name": "vircadia-desktop",
            "version": "0.0.0",
            "dependencies": {
                "@tauri-apps/api": "^1.6.0"
            },
            "devDependencies": {
                "@tauri-apps/cli": "^1.6.0",
                "cross-env": "^7.0.3",
                "typescript": "^5.0.2"
            }
        },
        "node_modules/@tauri-apps/api": {
            "version": "1.6.0",
            "resolved": "https://registry.npmjs.org/@tauri-apps/api/-/api-1.6.0.tgz",
            "integrity": "sha512-rqI++FWClU5I2UBp4HXFvl+sBWkdigBkxnpJDQUWttNyG7IZP4FwQGhTNL5EOw0vI8i6eSAJ5frLqO7n7jbJdg==",
            "engines": {
                "node": ">= 14.6.0",
                "npm": ">= 6.6.0",
                "yarn": ">= 1.19.1"
            },
            "funding": {
                "type": "opencollective",
                "url": "https://opencollective.com/tauri"
            }
        },
        "node_modules/@tauri-apps/cli": {
            "version": "1.6.0",
            "resolved": "https://registry.npmjs.org/@tauri-apps/cli/-/cli-1.6.0.tgz",
            "integrity": "sha512-DBBpBl6GhTzm8ImMbKkfaZ4fDTykWrC7Q5OXP4XqD91recmDEn2LExuvuiiS3HYe7uP8Eb5B9NPHhqJb+Zo7qQ==",
            "dev": true,
            "bin": {
                "tauri": "tauri.js"
            },
            "engines": {
                "node": ">= 10"
            },
            "funding": {
                "type": "opencollective",
                "url": "https://opencollective.com/tauri"
            },
            "optionalDependencies": {
                "@tauri-apps/cli-darwin-arm64": "1.6.0",
                "@tauri-apps/cli-darwin-x64": "1.6.0",
                "@tauri-apps/cli-linux-arm-gnueabihf": "1.6.0",
                "@tauri-apps/cli-linux-arm64-gnu": "1.6.0",
                "@tauri-apps/cli-linux-arm64-musl": "1.6.0",
                "@tauri-apps/cli-linux-x64-gnu": "1.6.0",
                "@tauri-apps/cli-linux-x64-musl": "1.6.0",
                "@tauri-apps/cli-win32-arm64-msvc": "1.6.0",
                "@tauri-apps/cli-win32-ia32-msvc": "1.6.0",
                "@tauri-apps/cli-win32-x64-msvc": "1.6.0"
            }
        },
        "node_modules/@tauri-apps/cli-darwin-arm64": {
            "version": "1.6.0",
            "resolved": "https://registry.npmjs.org/@tauri-apps/cli-darwin-arm64/-/cli-darwin-arm64-1.6.0.tgz",
            "integrity": "sha512-SNRwUD9nqGxY47mbY1CGTt/jqyQOU7Ps7Mx/mpgahL0FVUDiCEY/5L9QfEPPhEgccgcelEVn7i6aQHIkHyUtCA==",
            "cpu": [
                "arm64"
            ],
            "dev": true,
            "optional": true,
            "os": [
                "darwin"
            ],
            "engines": {
                "node": ">= 10"
            }
        },
        "node_modules/@tauri-apps/cli-darwin-x64": {
            "version": "1.6.0",
            "resolved": "https://registry.npmjs.org/@tauri-apps/cli-darwin-x64/-/cli-darwin-x64-1.6.0.tgz",
            "integrity": "sha512-g2/uDR/eeH2arvuawA4WwaEOqv/7jDO/ZLNI3JlBjP5Pk8GGb3Kdy0ro1xQzF94mtk2mOnOXa4dMgAet4sUJ1A==",
            "cpu": [
                "x64"
            ],
            "dev": true,
            "optional": true,
            "os": [
                "darwin"
            ],
            "engines": {
                "node": ">= 10"
            }
        },
        "node_modules/@tauri-apps/cli-linux-arm-gnueabihf": {
            "version": "1.6.0",
            "resolved": "https://registry.npmjs.org/@tauri-apps/cli-linux-arm-gnueabihf/-/cli-linux-arm-gnueabihf-1.6.0.tgz",
            "integrity": "sha512-EVwf4oRkQyG8BpSrk0gqO7oA0sDM2MdNDtJpMfleYFEgCxLIOGZKNqaOW3M7U+0Y4qikmG3TtRK+ngc8Ymtrjg==",
            "cpu": [
                "arm"
            ],
            "dev": true,
            "optional": true,
            "os": [
                "linux"
            ],
            "engines": {
                "node": ">= 10"
            }
        },
        "node_modules/@tauri-apps/cli-linux-arm64-gnu": {
            "version": "1.6.0",
            "resolved": "https://registry.npmjs.org/@tauri-apps/cli-linux-arm64-gnu/-/cli-linux-arm64-gnu-1.6.0.tgz",
            "integrity": "sha512-YdpY17cAySrhK9dX4BUVEmhAxE2o+6skIEFg8iN/xrDwRxhaNPI9I80YXPatUTX54Kx55T5++25VJG9+3iw83A==",
            "cpu": [
                "arm64"
            ],
            "dev": true,
            "optional": true,
            "os": [
                "linux"
            ],
            "engines": {
                "node": ">= 10"
            }
        },
        "node_modules/@tauri-apps/cli-linux-arm64-musl": {
            "version": "1.6.0",
            "resolved": "https://registry.npmjs.org/@tauri-apps/cli-linux-arm64-musl/-/cli-linux-arm64-musl-1.6.0.tgz",
            "integrity": "sha512-4U628tuf2U8pMr4tIBJhEkrFwt+46dwhXrDlpdyWSZtnop5RJAVKHODm0KbWns4xGKfTW1F3r6sSv+2ZxLcISA==",
            "cpu": [
                "arm64"
            ],
            "dev": true,
            "optional": true,
            "os": [
                "linux"
            ],
            "engines": {
                "node": ">= 10"
            }
        },
        "node_modules/@tauri-apps/cli-linux-x64-gnu": {
            "version": "1.6.0",
            "resolved": "https://registry.npmjs.org/@tauri-apps/cli-linux-x64-gnu/-/cli-linux-x64-gnu-1.6.0.tgz",
            "integrity": "sha512-AKRzp76fVUaJyXj5KRJT9bJyhwZyUnRQU0RqIRqOtZCT5yr6qGP8rjtQ7YhCIzWrseBlOllc3Qvbgw3Yl0VQcA==",
            "cpu": [
                "x64"
            ],
            "dev": true,
            "optional": true,
            "os": [
                "linux"
            ],
            "engines": {
                "node": ">= 10"
            }
        },
        "node_modules/@tauri-apps/cli-linux-x64-musl": {
            "version": "1.6.0",
            "resolved": "https://registry.npmjs.org/@tauri-apps/cli-linux-x64-musl/-/cli-linux-x64-musl-1.6.0.tgz",
            "integrity": "sha512-0edIdq6aMBTaRMIXddHfyAFL361JqulLLd2Wi2aoOie7DkQ2MYh6gv3hA7NB9gqFwNIGE+xtJ4BkXIP2tSGPlg==",
            "cpu": [
                "x64"
            ],
            "dev": true,
            "optional": true,
            "os": [
                "linux"
            ],
            "engines": {
                "node": ">= 10"
            }
        },
        "node_modules/@tauri-apps/cli-win32-arm64-msvc": {
            "version": "1.6.0",
            "resolved": "https://registry.npmjs.org/@tauri-apps/cli-win32-arm64-msvc/-/cli-win32-arm64-msvc-1.6.0.tgz",
            "integrity": "sha512-QwWpWk4ubcwJ1rljsRAmINgB2AwkyzZhpYbalA+MmzyYMREcdXWGkyixWbRZgqc6fEWEBmq5UG73qz5eBJiIKg==",
            "cpu": [
                "arm64"
            ],
            "dev": true,
            "optional": true,
            "os": [
                "win32"
            ],
            "engines": {
                "node": ">= 10"
            }
        },
        "node_modules/@tauri-apps/cli-win32-ia32-msvc": {
            "version": "1.6.0",
            "resolved": "https://registry.npmjs.org/@tauri-apps/cli-win32-ia32-msvc/-/cli-win32-ia32-msvc-1.6.0.tgz",
            "integrity": "sha512-Vtw0yxO9+aEFuhuxQ57ALG43tjECopRimRuKGbtZYDCriB/ty5TrT3QWMdy0dxBkpDTu3Rqsz30sbDzw6tlP3Q==",
            "cpu": [
                "ia32"
            ],
            "dev": true,
            "optional": true,
            "os": [
                "win32"
            ],
            "engines": {
                "node": ">= 10"
            }
        },
        "node_modules/@tauri-apps/cli-win32-x64-msvc": {
            "version": "1.6.0",
            "resolved": "https://registry.npmjs.org/@tauri-apps/cli-win32-x64-msvc/-/cli-win32-x64-msvc-1.6.0.tgz",
            "integrity": "sha512-h54FHOvGi7+LIfRchzgZYSCHB1HDlP599vWXQQJ/XnwJY+6Rwr2E5bOe/EhqoG8rbGkfK0xX3KPAvXPbUlmggg==",
            "cpu": [
                "x64"
            ],
            "dev": true,
            "optional": true,
            "os": [
                "win32"
            ],
            "engines": {
                "node": ">= 10"
            }
        },
        "node_modules/cross-env": {
            "version": "7.0.3",
            "resolved": "https://registry.npmjs.org/cross-env/-/cross-env-7.0.3.tgz",
            "integrity": "sha512-+/HKd6EgcQCJGh2PSjZuUitQBQynKor4wrFbRg4DtAgS1aWO+gU52xpH7M9ScGgXSYmAVS9bIJ8EzuaGw0oNAw==",
            "dev": true,
            "dependencies": {
                "cross-spawn": "^7.0.1"
            },
            "bin": {
                "cross-env": "src/bin/cross-env.js",
                "cross-env-shell": "src/bin/cross-env-shell.js"
            },
            "engines": {
                "node": ">=10.14",
                "npm": ">=6",
                "yarn": ">=1"
            }
        },
        "node_modules/cross-spawn": {
            "version": "7.0.3",
            "resolved": "https://registry.npmjs.org/cross-spawn/-/cross-spawn-7.0.3.tgz",
            "integrity": "sha512-iRDPJKUPVEND7dHPO8rkbOnPpyDygcDFtWjpeWNCgy8WP2rXcxXL8TskReQl6OrB2G7+UJrags1q15Fudc7G6w==",
            "dev": true,
            "dependencies": {
                "path-key": "^3.1.0",
                "shebang-command": "^2.0.0",
                "which": "^2.0.1"
            },
            "engines": {
                "node": ">= 8"
            }
        },
        "node_modules/isexe": {
            "version": "2.0.0",
            "resolved": "https://registry.npmjs.org/isexe/-/isexe-2.0.0.tgz",
            "integrity": "sha512-RHxMLp9lnKHGHRng9QFhRCMbYAcVpn69smSGcq3f36xjgVVWThj4qqLbTLlq7Ssj8B+fIQ1EuCEGI2lKsyQeIw==",
            "dev": true
        },
        "node_modules/path-key": {
            "version": "3.1.1",
            "resolved": "https://registry.npmjs.org/path-key/-/path-key-3.1.1.tgz",
            "integrity": "sha512-ojmeN0qd+y0jszEtoY48r0Peq5dwMEkIlCOu6Q5f41lfkswXuKtYrhgoTpLnyIcHm24Uhqx+5Tqm2InSwLhE6Q==",
            "dev": true,
            "engines": {
                "node": ">=8"
            }
        },
        "node_modules/shebang-command": {
            "version": "2.0.0",
            "resolved": "https://registry.npmjs.org/shebang-command/-/shebang-command-2.0.0.tgz",
            "integrity": "sha512-kHxr2zZpYtdmrN1qDjrrX/Z1rR1kG8Dx+gkpK1G4eXmvXswmcE1hTWBWYUzlraYw1/yZp6YuDY77YtvbN0dmDA==",
            "dev": true,
            "dependencies": {
                "shebang-regex": "^3.0.0"
            },
            "engines": {
                "node": ">=8"
            }
        },
        "node_modules/shebang-regex": {
            "version": "3.0.0",
            "resolved": "https://registry.npmjs.org/shebang-regex/-/shebang-regex-3.0.0.tgz",
            "integrity": "sha512-7++dFhtcx3353uBaq8DDR4NuxBetBzC7ZQOhmTQInHEd6bSrXdiEyzCvG07Z44UYdLShWUyXt5M/yhz8ekcb1A==",
            "dev": true,
            "engines": {
                "node": ">=8"
            }
        },
        "node_modules/typescript": {
            "version": "5.2.2",
            "resolved": "https://registry.npmjs.org/typescript/-/typescript-5.2.2.tgz",
            "integrity": "sha512-mI4WrpHsbCIcwT9cF4FZvr80QUeKvsUsUvKDoR+X/7XHQH98xYD8YHZg7ANtz2GtZt/CBq2QJ0thkGJMHfqc1w==",
            "dev": true,
            "bin": {
                "tsc": "bin/tsc",
                "tsserver": "bin/tsserver"
            },
            "engines": {
                "node": ">=14.17"
            }
        },
        "node_modules/which": {
            "version": "2.0.2",
            "resolved": "https://registry.npmjs.org/which/-/which-2.0.2.tgz",
            "integrity": "sha512-BLI3Tl1TW3Pvl70l3yq3Y64i+awpwXqsGBYWkkqMtnbXgrMD+yj7rhW0kuEDxzJaYXGjEW5ogapKNMEKNMjibA==",
            "dev": true,
            "dependencies": {
                "isexe": "^2.0.0"
            },
            "bin": {
                "node-which": "bin/node-which"
            },
            "engines": {
                "node": ">= 8"
            }
        }
    }
}
